
Microsoft Visual Studio Solution File, Format Version 12.00
# Visual Studio Version 17
VisualStudioVersion = 17.5.2.0
MinimumVisualStudioVersion = 10.0.40219.1
Project("{2150E333-8FDC-42A3-9474-1A3956D46DE8}") = "src", "src", "{827E0CD3-B72D-47B6-A68D-7590B98EB39B}"
EndProject
Project("{FAE04EC0-301F-11D3-BF4B-00C04F79EFBC}") = "Chirp.CLI", "src\Chirp.CLI\Chirp.CLI.csproj", "{968BBF6E-430F-40EA-9864-7C9F5B5D0469}"
EndProject
Project("{FAE04EC0-301F-11D3-BF4B-00C04F79EFBC}") = "SimpleDB", "src\SimpleDB\SimpleDB.csproj", "{775B9349-2CB0-481D-B019-5235F0FE343E}"
EndProject
Project("{2150E333-8FDC-42A3-9474-1A3956D46DE8}") = "test", "test", "{0C88DD14-F956-CE84-757C-A364CCF449FC}"
EndProject
Project("{FAE04EC0-301F-11D3-BF4B-00C04F79EFBC}") = "Chirp.CLI.Tests", "test\Chirp.CLI.Tests\Chirp.CLI.Tests.csproj", "{AFE77DBA-D4FF-4DD0-8B07-CCD975769C2E}"
EndProject
Project("{FAE04EC0-301F-11D3-BF4B-00C04F79EFBC}") = "SimpleDB.Tests", "test\SimpleDB.Tests\SimpleDB.Tests.csproj", "{D8AD98E7-E3D1-40FA-9C61-F92F81E45131}"
EndProject
Global
	GlobalSection(SolutionConfigurationPlatforms) = preSolution
		Debug|Any CPU = Debug|Any CPU
		Debug|x64 = Debug|x64
		Debug|x86 = Debug|x86
		Release|Any CPU = Release|Any CPU
		Release|x64 = Release|x64
		Release|x86 = Release|x86
	EndGlobalSection
	GlobalSection(ProjectConfigurationPlatforms) = postSolution
		{968BBF6E-430F-40EA-9864-7C9F5B5D0469}.Debug|Any CPU.ActiveCfg = Debug|Any CPU
		{968BBF6E-430F-40EA-9864-7C9F5B5D0469}.Debug|Any CPU.Build.0 = Debug|Any CPU
		{968BBF6E-430F-40EA-9864-7C9F5B5D0469}.Debug|x64.ActiveCfg = Debug|Any CPU
		{968BBF6E-430F-40EA-9864-7C9F5B5D0469}.Debug|x64.Build.0 = Debug|Any CPU
		{968BBF6E-430F-40EA-9864-7C9F5B5D0469}.Debug|x86.ActiveCfg = Debug|Any CPU
		{968BBF6E-430F-40EA-9864-7C9F5B5D0469}.Debug|x86.Build.0 = Debug|Any CPU
		{968BBF6E-430F-40EA-9864-7C9F5B5D0469}.Release|Any CPU.ActiveCfg = Release|Any CPU
		{968BBF6E-430F-40EA-9864-7C9F5B5D0469}.Release|Any CPU.Build.0 = Release|Any CPU
		{968BBF6E-430F-40EA-9864-7C9F5B5D0469}.Release|x64.ActiveCfg = Release|Any CPU
		{968BBF6E-430F-40EA-9864-7C9F5B5D0469}.Release|x64.Build.0 = Release|Any CPU
		{968BBF6E-430F-40EA-9864-7C9F5B5D0469}.Release|x86.ActiveCfg = Release|Any CPU
		{968BBF6E-430F-40EA-9864-7C9F5B5D0469}.Release|x86.Build.0 = Release|Any CPU
		{775B9349-2CB0-481D-B019-5235F0FE343E}.Debug|Any CPU.ActiveCfg = Debug|Any CPU
		{775B9349-2CB0-481D-B019-5235F0FE343E}.Debug|Any CPU.Build.0 = Debug|Any CPU
		{775B9349-2CB0-481D-B019-5235F0FE343E}.Debug|x64.ActiveCfg = Debug|Any CPU
		{775B9349-2CB0-481D-B019-5235F0FE343E}.Debug|x64.Build.0 = Debug|Any CPU
		{775B9349-2CB0-481D-B019-5235F0FE343E}.Debug|x86.ActiveCfg = Debug|Any CPU
		{775B9349-2CB0-481D-B019-5235F0FE343E}.Debug|x86.Build.0 = Debug|Any CPU
		{775B9349-2CB0-481D-B019-5235F0FE343E}.Release|Any CPU.ActiveCfg = Release|Any CPU
		{775B9349-2CB0-481D-B019-5235F0FE343E}.Release|Any CPU.Build.0 = Release|Any CPU
		{775B9349-2CB0-481D-B019-5235F0FE343E}.Release|x64.ActiveCfg = Release|Any CPU
		{775B9349-2CB0-481D-B019-5235F0FE343E}.Release|x64.Build.0 = Release|Any CPU
		{775B9349-2CB0-481D-B019-5235F0FE343E}.Release|x86.ActiveCfg = Release|Any CPU
		{775B9349-2CB0-481D-B019-5235F0FE343E}.Release|x86.Build.0 = Release|Any CPU
		{AFE77DBA-D4FF-4DD0-8B07-CCD975769C2E}.Debug|Any CPU.ActiveCfg = Debug|Any CPU
		{AFE77DBA-D4FF-4DD0-8B07-CCD975769C2E}.Debug|Any CPU.Build.0 = Debug|Any CPU
		{AFE77DBA-D4FF-4DD0-8B07-CCD975769C2E}.Debug|x64.ActiveCfg = Debug|Any CPU
		{AFE77DBA-D4FF-4DD0-8B07-CCD975769C2E}.Debug|x64.Build.0 = Debug|Any CPU
		{AFE77DBA-D4FF-4DD0-8B07-CCD975769C2E}.Debug|x86.ActiveCfg = Debug|Any CPU
		{AFE77DBA-D4FF-4DD0-8B07-CCD975769C2E}.Debug|x86.Build.0 = Debug|Any CPU
		{AFE77DBA-D4FF-4DD0-8B07-CCD975769C2E}.Release|Any CPU.ActiveCfg = Release|Any CPU
		{AFE77DBA-D4FF-4DD0-8B07-CCD975769C2E}.Release|Any CPU.Build.0 = Release|Any CPU
		{AFE77DBA-D4FF-4DD0-8B07-CCD975769C2E}.Release|x64.ActiveCfg = Release|Any CPU
		{AFE77DBA-D4FF-4DD0-8B07-CCD975769C2E}.Release|x64.Build.0 = Release|Any CPU
		{AFE77DBA-D4FF-4DD0-8B07-CCD975769C2E}.Release|x86.ActiveCfg = Release|Any CPU
		{AFE77DBA-D4FF-4DD0-8B07-CCD975769C2E}.Release|x86.Build.0 = Release|Any CPU
		{D8AD98E7-E3D1-40FA-9C61-F92F81E45131}.Debug|Any CPU.ActiveCfg = Debug|Any CPU
		{D8AD98E7-E3D1-40FA-9C61-F92F81E45131}.Debug|Any CPU.Build.0 = Debug|Any CPU
		{D8AD98E7-E3D1-40FA-9C61-F92F81E45131}.Debug|x64.ActiveCfg = Debug|Any CPU
		{D8AD98E7-E3D1-40FA-9C61-F92F81E45131}.Debug|x64.Build.0 = Debug|Any CPU
		{D8AD98E7-E3D1-40FA-9C61-F92F81E45131}.Debug|x86.ActiveCfg = Debug|Any CPU
		{D8AD98E7-E3D1-40FA-9C61-F92F81E45131}.Debug|x86.Build.0 = Debug|Any CPU
		{D8AD98E7-E3D1-40FA-9C61-F92F81E45131}.Release|Any CPU.ActiveCfg = Release|Any CPU
		{D8AD98E7-E3D1-40FA-9C61-F92F81E45131}.Release|Any CPU.Build.0 = Release|Any CPU
		{D8AD98E7-E3D1-40FA-9C61-F92F81E45131}.Release|x64.ActiveCfg = Release|Any CPU
		{D8AD98E7-E3D1-40FA-9C61-F92F81E45131}.Release|x64.Build.0 = Release|Any CPU
		{D8AD98E7-E3D1-40FA-9C61-F92F81E45131}.Release|x86.ActiveCfg = Release|Any CPU
		{D8AD98E7-E3D1-40FA-9C61-F92F81E45131}.Release|x86.Build.0 = Release|Any CPU
	EndGlobalSection
	GlobalSection(SolutionProperties) = preSolution
		HideSolutionNode = FALSE
	EndGlobalSection
	GlobalSection(NestedProjects) = preSolution
		{968BBF6E-430F-40EA-9864-7C9F5B5D0469} = {827E0CD3-B72D-47B6-A68D-7590B98EB39B}
		{775B9349-2CB0-481D-B019-5235F0FE343E} = {827E0CD3-B72D-47B6-A68D-7590B98EB39B}
		{AFE77DBA-D4FF-4DD0-8B07-CCD975769C2E} = {0C88DD14-F956-CE84-757C-A364CCF449FC}
		{D8AD98E7-E3D1-40FA-9C61-F92F81E45131} = {0C88DD14-F956-CE84-757C-A364CCF449FC}
	EndGlobalSection
	GlobalSection(ExtensibilityGlobals) = postSolution
		SolutionGuid = {297F5C21-22AA-4F62-8A98-CCFC83F2C0C7}
	EndGlobalSection
EndGlobal
